
Microsoft Visual Studio Solution File, Format Version 12.00
# Visual Studio Version 16
VisualStudioVersion = 16.0.30621.155
MinimumVisualStudioVersion = 10.0.40219.1
Project("{9A19103F-16F7-4668-BE54-9A1E7A4F7556}") = "NozzleLib", "NozzleLib\NozzleLib.csproj", "{8B0CAA85-1C8D-4687-9702-5261491083DB}"
EndProject
Project("{FAE04EC0-301F-11D3-BF4B-00C04F79EFBC}") = "SimuladorNozzle", "SimuladorNozzle\SimuladorNozzle.csproj", "{1B6CC5FF-B474-4C70-B700-CC3E5D0273C1}"
EndProject
Global
	GlobalSection(SolutionConfigurationPlatforms) = preSolution
		Debug|Any CPU = Debug|Any CPU
		Release|Any CPU = Release|Any CPU
	EndGlobalSection
	GlobalSection(ProjectConfigurationPlatforms) = postSolution
		{8B0CAA85-1C8D-4687-9702-5261491083DB}.Debug|Any CPU.ActiveCfg = Debug|Any CPU
		{8B0CAA85-1C8D-4687-9702-5261491083DB}.Debug|Any CPU.Build.0 = Debug|Any CPU
		{8B0CAA85-1C8D-4687-9702-5261491083DB}.Release|Any CPU.ActiveCfg = Release|Any CPU
		{8B0CAA85-1C8D-4687-9702-5261491083DB}.Release|Any CPU.Build.0 = Release|Any CPU
		{1B6CC5FF-B474-4C70-B700-CC3E5D0273C1}.Debug|Any CPU.ActiveCfg = Debug|Any CPU
		{1B6CC5FF-B474-4C70-B700-CC3E5D0273C1}.Debug|Any CPU.Build.0 = Debug|Any CPU
		{1B6CC5FF-B474-4C70-B700-CC3E5D0273C1}.Release|Any CPU.ActiveCfg = Release|Any CPU
		{1B6CC5FF-B474-4C70-B700-CC3E5D0273C1}.Release|Any CPU.Build.0 = Release|Any CPU
	EndGlobalSection
	GlobalSection(SolutionProperties) = preSolution
		HideSolutionNode = FALSE
	EndGlobalSection
	GlobalSection(ExtensibilityGlobals) = postSolution
		SolutionGuid = {BB08B2A7-E231-4839-B75C-5DABDBD6B48E}
	EndGlobalSection
EndGlobal
